
Microsoft Visual Studio Solution File, Format Version 12.00
# Visual Studio 14
VisualStudioVersion = 14.0.25420.1
MinimumVisualStudioVersion = 10.0.40219.1
Project("{FAE04EC0-301F-11D3-BF4B-00C04F79EFBC}") = "JIF.CMS.Web", "JIF.CMS.Web\JIF.CMS.Web.csproj", "{AEA2CBE0-D339-4FD3-8EFB-8047151BF527}"
	ProjectSection(ProjectDependencies) = postProject
		{6E0F7A18-AAAE-433A-A33B-022E7B55AFBF} = {6E0F7A18-AAAE-433A-A33B-022E7B55AFBF}
		{AC891D8E-F079-4FA9-A5C9-D0EAA131EFBD} = {AC891D8E-F079-4FA9-A5C9-D0EAA131EFBD}
		{312FC9C8-CA63-4150-9B71-E40F92E8162C} = {312FC9C8-CA63-4150-9B71-E40F92E8162C}
	EndProjectSection
EndProject
Project("{FAE04EC0-301F-11D3-BF4B-00C04F79EFBC}") = "JIF.CMS.Core", "JIF.CMS.Core\JIF.CMS.Core.csproj", "{6E0F7A18-AAAE-433A-A33B-022E7B55AFBF}"
EndProject
Project("{FAE04EC0-301F-11D3-BF4B-00C04F79EFBC}") = "JIF.CMS.Services", "JIF.CMS.Services\JIF.CMS.Services.csproj", "{AC891D8E-F079-4FA9-A5C9-D0EAA131EFBD}"
	ProjectSection(ProjectDependencies) = postProject
		{6E0F7A18-AAAE-433A-A33B-022E7B55AFBF} = {6E0F7A18-AAAE-433A-A33B-022E7B55AFBF}
		{312FC9C8-CA63-4150-9B71-E40F92E8162C} = {312FC9C8-CA63-4150-9B71-E40F92E8162C}
	EndProjectSection
EndProject
Project("{FAE04EC0-301F-11D3-BF4B-00C04F79EFBC}") = "JIF.CMS.Repositores", "JIF.CMS.Repositores\JIF.CMS.Repositores.csproj", "{312FC9C8-CA63-4150-9B71-E40F92E8162C}"
	ProjectSection(ProjectDependencies) = postProject
		{6E0F7A18-AAAE-433A-A33B-022E7B55AFBF} = {6E0F7A18-AAAE-433A-A33B-022E7B55AFBF}
	EndProjectSection
EndProject
Global
	GlobalSection(SolutionConfigurationPlatforms) = preSolution
		Debug|Any CPU = Debug|Any CPU
		Release|Any CPU = Release|Any CPU
	EndGlobalSection
	GlobalSection(ProjectConfigurationPlatforms) = postSolution
		{AEA2CBE0-D339-4FD3-8EFB-8047151BF527}.Debug|Any CPU.ActiveCfg = Debug|Any CPU
		{AEA2CBE0-D339-4FD3-8EFB-8047151BF527}.Debug|Any CPU.Build.0 = Debug|Any CPU
		{AEA2CBE0-D339-4FD3-8EFB-8047151BF527}.Release|Any CPU.ActiveCfg = Release|Any CPU
		{AEA2CBE0-D339-4FD3-8EFB-8047151BF527}.Release|Any CPU.Build.0 = Release|Any CPU
		{6E0F7A18-AAAE-433A-A33B-022E7B55AFBF}.Debug|Any CPU.ActiveCfg = Debug|Any CPU
		{6E0F7A18-AAAE-433A-A33B-022E7B55AFBF}.Debug|Any CPU.Build.0 = Debug|Any CPU
		{6E0F7A18-AAAE-433A-A33B-022E7B55AFBF}.Release|Any CPU.ActiveCfg = Release|Any CPU
		{6E0F7A18-AAAE-433A-A33B-022E7B55AFBF}.Release|Any CPU.Build.0 = Release|Any CPU
		{AC891D8E-F079-4FA9-A5C9-D0EAA131EFBD}.Debug|Any CPU.ActiveCfg = Debug|Any CPU
		{AC891D8E-F079-4FA9-A5C9-D0EAA131EFBD}.Debug|Any CPU.Build.0 = Debug|Any CPU
		{AC891D8E-F079-4FA9-A5C9-D0EAA131EFBD}.Release|Any CPU.ActiveCfg = Release|Any CPU
		{AC891D8E-F079-4FA9-A5C9-D0EAA131EFBD}.Release|Any CPU.Build.0 = Release|Any CPU
		{312FC9C8-CA63-4150-9B71-E40F92E8162C}.Debug|Any CPU.ActiveCfg = Debug|Any CPU
		{312FC9C8-CA63-4150-9B71-E40F92E8162C}.Debug|Any CPU.Build.0 = Debug|Any CPU
		{312FC9C8-CA63-4150-9B71-E40F92E8162C}.Release|Any CPU.ActiveCfg = Release|Any CPU
		{312FC9C8-CA63-4150-9B71-E40F92E8162C}.Release|Any CPU.Build.0 = Release|Any CPU
	EndGlobalSection
	GlobalSection(SolutionProperties) = preSolution
		HideSolutionNode = FALSE
	EndGlobalSection
EndGlobal
